
Microsoft Visual Studio Solution File, Format Version 12.00
# Visual Studio Version 17
VisualStudioVersion = 17.9.34616.47
MinimumVisualStudioVersion = 10.0.40219.1
Project("{8BC9CEB8-8B4A-11D0-8D11-00A0C91BC942}") = "data struktur", "data struktur\data struktur.vcxproj", "{A57A87FE-E01D-4C98-87BA-AE1A6B8FA2A6}"
EndProject
Global
	GlobalSection(SolutionConfigurationPlatforms) = preSolution
		Debug|x64 = Debug|x64
		Debug|x86 = Debug|x86
		Release|x64 = Release|x64
		Release|x86 = Release|x86
	EndGlobalSection
	GlobalSection(ProjectConfigurationPlatforms) = postSolution
		{A57A87FE-E01D-4C98-87BA-AE1A6B8FA2A6}.Debug|x64.ActiveCfg = Debug|x64
		{A57A87FE-E01D-4C98-87BA-AE1A6B8FA2A6}.Debug|x64.Build.0 = Debug|x64
		{A57A87FE-E01D-4C98-87BA-AE1A6B8FA2A6}.Debug|x86.ActiveCfg = Debug|Win32
		{A57A87FE-E01D-4C98-87BA-AE1A6B8FA2A6}.Debug|x86.Build.0 = Debug|Win32
		{A57A87FE-E01D-4C98-87BA-AE1A6B8FA2A6}.Release|x64.ActiveCfg = Release|x64
		{A57A87FE-E01D-4C98-87BA-AE1A6B8FA2A6}.Release|x64.Build.0 = Release|x64
		{A57A87FE-E01D-4C98-87BA-AE1A6B8FA2A6}.Release|x86.ActiveCfg = Release|Win32
		{A57A87FE-E01D-4C98-87BA-AE1A6B8FA2A6}.Release|x86.Build.0 = Release|Win32
	EndGlobalSection
	GlobalSection(SolutionProperties) = preSolution
		HideSolutionNode = FALSE
	EndGlobalSection
	GlobalSection(ExtensibilityGlobals) = postSolution
		SolutionGuid = {99EA8E6A-6C35-4CBE-9DD5-AEAF9D077A28}
	EndGlobalSection
EndGlobal
